{
    "name": "vue-20-hello-world",
    "version": "1.0.0",
    "description": "The easiest way to try out Vue.js, edit this Hello World example",
    "main": "index.html",
    
    "scripts": {
        "serve": "vue-cli-service serve",
        "dev": "vue-cli-service serve --mode dev",
        "build": "vue-cli-service build"
      },
      "dependencies": {
        "core-js": "^3.8.3",
        "dotenv": "^16.0.0",
        "vue": "^3.2.13"
      },
      "devDependencies": {
        "@vue/cli-plugin-babel": "~5.0.0",
        "@vue/cli-service": "~5.0.0"
      }
  }